
Microsoft Visual Studio Solution File, Format Version 12.00
# Visual Studio Version 16
VisualStudioVersion = 16.0.31205.134
MinimumVisualStudioVersion = 10.0.40219.1
Project("{FAE04EC0-301F-11D3-BF4B-00C04F79EFBC}") = "TareaHerencia", "TareaHerencia.csproj", "{CC7BC23D-6E7E-48D1-8DD5-0E4CFB7CF527}"
EndProject
Global
	GlobalSection(SolutionConfigurationPlatforms) = preSolution
		Debug|Any CPU = Debug|Any CPU
		Release|Any CPU = Release|Any CPU
	EndGlobalSection
	GlobalSection(ProjectConfigurationPlatforms) = postSolution
		{CC7BC23D-6E7E-48D1-8DD5-0E4CFB7CF527}.Debug|Any CPU.ActiveCfg = Debug|Any CPU
		{CC7BC23D-6E7E-48D1-8DD5-0E4CFB7CF527}.Debug|Any CPU.Build.0 = Debug|Any CPU
		{CC7BC23D-6E7E-48D1-8DD5-0E4CFB7CF527}.Release|Any CPU.ActiveCfg = Release|Any CPU
		{CC7BC23D-6E7E-48D1-8DD5-0E4CFB7CF527}.Release|Any CPU.Build.0 = Release|Any CPU
	EndGlobalSection
	GlobalSection(SolutionProperties) = preSolution
		HideSolutionNode = FALSE
	EndGlobalSection
	GlobalSection(ExtensibilityGlobals) = postSolution
		SolutionGuid = {E9EFC1E0-8052-4E50-9EC4-381C6E5A059E}
	EndGlobalSection
EndGlobal
