
Microsoft Visual Studio Solution File, Format Version 12.00
# Visual Studio Version 16
VisualStudioVersion = 16.0.31205.134
MinimumVisualStudioVersion = 10.0.40219.1
Project("{9A19103F-16F7-4668-BE54-9A1E7A4F7556}") = "Video63_Colecciones", "Video63_Colecciones.csproj", "{56CCBCCC-649C-4E37-8782-58DDB592AB7C}"
EndProject
Project("{9A19103F-16F7-4668-BE54-9A1E7A4F7556}") = "Video64_Colecciones_linkedList", "..\Video64_Colecciones_linkedList\Video64_Colecciones_linkedList.csproj", "{A0EB6096-847C-4236-AF6A-939810B91555}"
EndProject
Project("{9A19103F-16F7-4668-BE54-9A1E7A4F7556}") = "Video65_collections_Queue", "..\Video65_collections_Queue\Video65_collections_Queue.csproj", "{D84E6DE1-6962-4A69-B063-45AC7275AF9B}"
EndProject
Project("{9A19103F-16F7-4668-BE54-9A1E7A4F7556}") = "Video66_Coleections_Stack", "..\Video66_Coleections_Stack\Video66_Coleections_Stack.csproj", "{297B208D-62BA-480B-8B90-DDEB2FFD8638}"
EndProject
Project("{FAE04EC0-301F-11D3-BF4B-00C04F79EFBC}") = "Video67_Collection_Dictionary", "..\Video67_Collection_Dictionary\Video67_Collection_Dictionary.csproj", "{E9490D95-CCA6-4B3C-9B73-C9BBC26A105B}"
EndProject
Global
	GlobalSection(SolutionConfigurationPlatforms) = preSolution
		Debug|Any CPU = Debug|Any CPU
		Release|Any CPU = Release|Any CPU
	EndGlobalSection
	GlobalSection(ProjectConfigurationPlatforms) = postSolution
		{56CCBCCC-649C-4E37-8782-58DDB592AB7C}.Debug|Any CPU.ActiveCfg = Debug|Any CPU
		{56CCBCCC-649C-4E37-8782-58DDB592AB7C}.Debug|Any CPU.Build.0 = Debug|Any CPU
		{56CCBCCC-649C-4E37-8782-58DDB592AB7C}.Release|Any CPU.ActiveCfg = Release|Any CPU
		{56CCBCCC-649C-4E37-8782-58DDB592AB7C}.Release|Any CPU.Build.0 = Release|Any CPU
		{A0EB6096-847C-4236-AF6A-939810B91555}.Debug|Any CPU.ActiveCfg = Debug|Any CPU
		{A0EB6096-847C-4236-AF6A-939810B91555}.Debug|Any CPU.Build.0 = Debug|Any CPU
		{A0EB6096-847C-4236-AF6A-939810B91555}.Release|Any CPU.ActiveCfg = Release|Any CPU
		{A0EB6096-847C-4236-AF6A-939810B91555}.Release|Any CPU.Build.0 = Release|Any CPU
		{D84E6DE1-6962-4A69-B063-45AC7275AF9B}.Debug|Any CPU.ActiveCfg = Debug|Any CPU
		{D84E6DE1-6962-4A69-B063-45AC7275AF9B}.Debug|Any CPU.Build.0 = Debug|Any CPU
		{D84E6DE1-6962-4A69-B063-45AC7275AF9B}.Release|Any CPU.ActiveCfg = Release|Any CPU
		{D84E6DE1-6962-4A69-B063-45AC7275AF9B}.Release|Any CPU.Build.0 = Release|Any CPU
		{297B208D-62BA-480B-8B90-DDEB2FFD8638}.Debug|Any CPU.ActiveCfg = Debug|Any CPU
		{297B208D-62BA-480B-8B90-DDEB2FFD8638}.Debug|Any CPU.Build.0 = Debug|Any CPU
		{297B208D-62BA-480B-8B90-DDEB2FFD8638}.Release|Any CPU.ActiveCfg = Release|Any CPU
		{297B208D-62BA-480B-8B90-DDEB2FFD8638}.Release|Any CPU.Build.0 = Release|Any CPU
		{E9490D95-CCA6-4B3C-9B73-C9BBC26A105B}.Debug|Any CPU.ActiveCfg = Debug|Any CPU
		{E9490D95-CCA6-4B3C-9B73-C9BBC26A105B}.Debug|Any CPU.Build.0 = Debug|Any CPU
		{E9490D95-CCA6-4B3C-9B73-C9BBC26A105B}.Release|Any CPU.ActiveCfg = Release|Any CPU
		{E9490D95-CCA6-4B3C-9B73-C9BBC26A105B}.Release|Any CPU.Build.0 = Release|Any CPU
	EndGlobalSection
	GlobalSection(SolutionProperties) = preSolution
		HideSolutionNode = FALSE
	EndGlobalSection
	GlobalSection(ExtensibilityGlobals) = postSolution
		SolutionGuid = {0A216C97-874A-4A85-92B9-5FEA94900AC7}
	EndGlobalSection
EndGlobal
