
Microsoft Visual Studio Solution File, Format Version 12.00
# Visual Studio Version 16
VisualStudioVersion = 16.0.31205.134
MinimumVisualStudioVersion = 10.0.40219.1
Project("{FAE04EC0-301F-11D3-BF4B-00C04F79EFBC}") = "Video70_ExpresionesRegulares", "Video70_ExpresionesRegulares.csproj", "{0CC0DF16-0A16-41D1-8DAD-37666B5A0802}"
EndProject
Global
	GlobalSection(SolutionConfigurationPlatforms) = preSolution
		Debug|Any CPU = Debug|Any CPU
		Release|Any CPU = Release|Any CPU
	EndGlobalSection
	GlobalSection(ProjectConfigurationPlatforms) = postSolution
		{0CC0DF16-0A16-41D1-8DAD-37666B5A0802}.Debug|Any CPU.ActiveCfg = Debug|Any CPU
		{0CC0DF16-0A16-41D1-8DAD-37666B5A0802}.Debug|Any CPU.Build.0 = Debug|Any CPU
		{0CC0DF16-0A16-41D1-8DAD-37666B5A0802}.Release|Any CPU.ActiveCfg = Release|Any CPU
		{0CC0DF16-0A16-41D1-8DAD-37666B5A0802}.Release|Any CPU.Build.0 = Release|Any CPU
	EndGlobalSection
	GlobalSection(SolutionProperties) = preSolution
		HideSolutionNode = FALSE
	EndGlobalSection
	GlobalSection(ExtensibilityGlobals) = postSolution
		SolutionGuid = {265DE961-A940-4317-A963-04408ABC0C1D}
	EndGlobalSection
EndGlobal
