
Microsoft Visual Studio Solution File, Format Version 12.00
# Visual Studio Version 16
VisualStudioVersion = 16.0.31424.327
MinimumVisualStudioVersion = 10.0.40219.1
Project("{FAE04EC0-301F-11D3-BF4B-00C04F79EFBC}") = "Video103_CRUD_LINQ", "Video103_CRUD_LINQ.csproj", "{8804CFD1-2B4D-4347-A8D3-7D01C5EC7264}"
EndProject
Global
	GlobalSection(SolutionConfigurationPlatforms) = preSolution
		Debug|Any CPU = Debug|Any CPU
		Release|Any CPU = Release|Any CPU
	EndGlobalSection
	GlobalSection(ProjectConfigurationPlatforms) = postSolution
		{8804CFD1-2B4D-4347-A8D3-7D01C5EC7264}.Debug|Any CPU.ActiveCfg = Debug|Any CPU
		{8804CFD1-2B4D-4347-A8D3-7D01C5EC7264}.Debug|Any CPU.Build.0 = Debug|Any CPU
		{8804CFD1-2B4D-4347-A8D3-7D01C5EC7264}.Release|Any CPU.ActiveCfg = Release|Any CPU
		{8804CFD1-2B4D-4347-A8D3-7D01C5EC7264}.Release|Any CPU.Build.0 = Release|Any CPU
	EndGlobalSection
	GlobalSection(SolutionProperties) = preSolution
		HideSolutionNode = FALSE
	EndGlobalSection
	GlobalSection(ExtensibilityGlobals) = postSolution
		SolutionGuid = {6B1A334B-EA55-4650-8F63-A5AE741BE4BE}
	EndGlobalSection
EndGlobal
