
Microsoft Visual Studio Solution File, Format Version 12.00
# Visual Studio Version 16
VisualStudioVersion = 16.0.31702.278
MinimumVisualStudioVersion = 10.0.40219.1
Project("{FAE04EC0-301F-11D3-BF4B-00C04F79EFBC}") = "ConsoleApp1", "ConsoleApp1\ConsoleApp1.csproj", "{51D69765-C4EC-40E8-9ACB-2B8C310D21E0}"
EndProject
Global
	GlobalSection(SolutionConfigurationPlatforms) = preSolution
		Debug|Any CPU = Debug|Any CPU
		Release|Any CPU = Release|Any CPU
	EndGlobalSection
	GlobalSection(ProjectConfigurationPlatforms) = postSolution
		{51D69765-C4EC-40E8-9ACB-2B8C310D21E0}.Debug|Any CPU.ActiveCfg = Debug|Any CPU
		{51D69765-C4EC-40E8-9ACB-2B8C310D21E0}.Debug|Any CPU.Build.0 = Debug|Any CPU
		{51D69765-C4EC-40E8-9ACB-2B8C310D21E0}.Release|Any CPU.ActiveCfg = Release|Any CPU
		{51D69765-C4EC-40E8-9ACB-2B8C310D21E0}.Release|Any CPU.Build.0 = Release|Any CPU
	EndGlobalSection
	GlobalSection(SolutionProperties) = preSolution
		HideSolutionNode = FALSE
	EndGlobalSection
	GlobalSection(ExtensibilityGlobals) = postSolution
		SolutionGuid = {500C08D1-3A55-4BAF-9C3B-DFAE2E6479DB}
	EndGlobalSection
EndGlobal
